
Microsoft Visual Studio Solution File, Format Version 12.00
# Visual Studio Version 17
VisualStudioVersion = 17.9.34607.119
MinimumVisualStudioVersion = 10.0.40219.1
Project("{FAE04EC0-301F-11D3-BF4B-00C04F79EFBC}") = "LiczbyPierwsze16_Framework", "LiczbyPierwsze16_Framework.csproj", "{2DFBD682-5195-4394-8DD6-A97D08BE72F2}"
EndProject
Global
	GlobalSection(SolutionConfigurationPlatforms) = preSolution
		Debug|Any CPU = Debug|Any CPU
		Release|Any CPU = Release|Any CPU
	EndGlobalSection
	GlobalSection(ProjectConfigurationPlatforms) = postSolution
		{2DFBD682-5195-4394-8DD6-A97D08BE72F2}.Debug|Any CPU.ActiveCfg = Debug|Any CPU
		{2DFBD682-5195-4394-8DD6-A97D08BE72F2}.Debug|Any CPU.Build.0 = Debug|Any CPU
		{2DFBD682-5195-4394-8DD6-A97D08BE72F2}.Release|Any CPU.ActiveCfg = Release|Any CPU
		{2DFBD682-5195-4394-8DD6-A97D08BE72F2}.Release|Any CPU.Build.0 = Release|Any CPU
	EndGlobalSection
	GlobalSection(SolutionProperties) = preSolution
		HideSolutionNode = FALSE
	EndGlobalSection
	GlobalSection(ExtensibilityGlobals) = postSolution
		SolutionGuid = {CEF3714E-1796-48FD-8F13-3108A7F99CD6}
	EndGlobalSection
EndGlobal
